
Microsoft Visual Studio Solution File, Format Version 12.00
# Visual Studio Version 17
VisualStudioVersion = 17.3.32804.467
MinimumVisualStudioVersion = 10.0.40219.1
Project("{FAE04EC0-301F-11D3-BF4B-00C04F79EFBC}") = "FirstUniqChar", "FirstUniqChar\FirstUniqChar.csproj", "{DF3F87F1-B96B-4533-BB7B-0118BBE7CE23}"
EndProject
Global
	GlobalSection(SolutionConfigurationPlatforms) = preSolution
		Debug|Any CPU = Debug|Any CPU
		Release|Any CPU = Release|Any CPU
	EndGlobalSection
	GlobalSection(ProjectConfigurationPlatforms) = postSolution
		{DF3F87F1-B96B-4533-BB7B-0118BBE7CE23}.Debug|Any CPU.ActiveCfg = Debug|Any CPU
		{DF3F87F1-B96B-4533-BB7B-0118BBE7CE23}.Debug|Any CPU.Build.0 = Debug|Any CPU
		{DF3F87F1-B96B-4533-BB7B-0118BBE7CE23}.Release|Any CPU.ActiveCfg = Release|Any CPU
		{DF3F87F1-B96B-4533-BB7B-0118BBE7CE23}.Release|Any CPU.Build.0 = Release|Any CPU
	EndGlobalSection
	GlobalSection(SolutionProperties) = preSolution
		HideSolutionNode = FALSE
	EndGlobalSection
	GlobalSection(ExtensibilityGlobals) = postSolution
		SolutionGuid = {872EE974-2E41-448C-AA3E-183BD9D256FE}
	EndGlobalSection
EndGlobal
