
Microsoft Visual Studio Solution File, Format Version 12.00
# Visual Studio Version 16
VisualStudioVersion = 16.0.29215.179
MinimumVisualStudioVersion = 10.0.40219.1
Project("{FAE04EC0-301F-11D3-BF4B-00C04F79EFBC}") = "BinarySearch", "BinarySearch.csproj", "{643C37EC-6CE3-432F-8D8D-C0801D85D373}"
EndProject
Global
	GlobalSection(SolutionConfigurationPlatforms) = preSolution
		Debug|Any CPU = Debug|Any CPU
		Release|Any CPU = Release|Any CPU
	EndGlobalSection
	GlobalSection(ProjectConfigurationPlatforms) = postSolution
		{643C37EC-6CE3-432F-8D8D-C0801D85D373}.Debug|Any CPU.ActiveCfg = Debug|Any CPU
		{643C37EC-6CE3-432F-8D8D-C0801D85D373}.Debug|Any CPU.Build.0 = Debug|Any CPU
		{643C37EC-6CE3-432F-8D8D-C0801D85D373}.Release|Any CPU.ActiveCfg = Release|Any CPU
		{643C37EC-6CE3-432F-8D8D-C0801D85D373}.Release|Any CPU.Build.0 = Release|Any CPU
	EndGlobalSection
	GlobalSection(SolutionProperties) = preSolution
		HideSolutionNode = FALSE
	EndGlobalSection
	GlobalSection(ExtensibilityGlobals) = postSolution
		SolutionGuid = {6CCCB78E-DADD-4BA4-B1F4-521819757E1D}
	EndGlobalSection
EndGlobal
