
Microsoft Visual Studio Solution File, Format Version 12.00
# Visual Studio Version 17
VisualStudioVersion = 17.4.33213.308
MinimumVisualStudioVersion = 10.0.40219.1
Project("{FAE04EC0-301F-11D3-BF4B-00C04F79EFBC}") = "Problems", "Problems.csproj", "{A734F9EC-7032-44DD-9D3E-72CDEF07102A}"
EndProject
Global
	GlobalSection(SolutionConfigurationPlatforms) = preSolution
		Debug|Any CPU = Debug|Any CPU
		Release|Any CPU = Release|Any CPU
	EndGlobalSection
	GlobalSection(ProjectConfigurationPlatforms) = postSolution
		{A734F9EC-7032-44DD-9D3E-72CDEF07102A}.Debug|Any CPU.ActiveCfg = Debug|Any CPU
		{A734F9EC-7032-44DD-9D3E-72CDEF07102A}.Debug|Any CPU.Build.0 = Debug|Any CPU
		{A734F9EC-7032-44DD-9D3E-72CDEF07102A}.Release|Any CPU.ActiveCfg = Release|Any CPU
		{A734F9EC-7032-44DD-9D3E-72CDEF07102A}.Release|Any CPU.Build.0 = Release|Any CPU
	EndGlobalSection
	GlobalSection(SolutionProperties) = preSolution
		HideSolutionNode = FALSE
	EndGlobalSection
	GlobalSection(ExtensibilityGlobals) = postSolution
		SolutionGuid = {BBAFA4C0-C65B-4EBB-AE32-AF94E9DC793F}
	EndGlobalSection
EndGlobal
